PODS:
  - Alamofire (5.2.2)
  - Nuke (9.1.1)
  - SwiftyJSON (5.0.0)

DEPENDENCIES:
  - Alamofire (~> 5.2)
  - Nuke (~> 9.1)
  - SwiftyJSON (~> 5.0)

SPEC REPOS:
  trunk:
    - Alamofire
    - Nuke
    - SwiftyJSON

SPEC CHECKSUMS:
  Alamofire: 814429acc853c6c54ff123fc3d2ef66803823ce0
  Nuke: af4301b154d3afd8a3b045a5194a9a773a00b7a8
  SwiftyJSON: 36413e04c44ee145039d332b4f4e2d3e8d6c4db7

PODFILE CHECKSUM: dad14e4b65d6c0b157387a641490ab854db1cc16

COCOAPODS: 1.9.3
