// !$*UTF8*$!
{
	archiveVersion = 1;
	classes = {
	};
	objectVersion = 51;
	objects = {

/* Begin PBXBuildFile section */
		47212D8E24E3DF7E0069542F /* Weather.swift in Sources */ = {isa = PBXBuildFile; fileRef = 47212D8D24E3DF7E0069542F /* Weather.swift */; };
		47212D9024E3EC1E0069542F /* FetchCurrentWeatherUseCase.swift in Sources */ = {isa = PBXBuildFile; fileRef = 47212D8F24E3EC1E0069542F /* FetchCurrentWeatherUseCase.swift */; };
		47212D9224E3EDC20069542F /* EndPoint.swift in Sources */ = {isa = PBXBuildFile; fileRef = 47212D9124E3EDC20069542F /* EndPoint.swift */; };
		47483E2B24DBFB5500A60789 /* AppDelegate.swift in Sources */ = {isa = PBXBuildFile; fileRef = 47483E2A24DBFB5500A60789 /* AppDelegate.swift */; };
		47483E2D24DBFB5500A60789 /* SceneDelegate.swift in Sources */ = {isa = PBXBuildFile; fileRef = 47483E2C24DBFB5500A60789 /* SceneDelegate.swift */; };
		47483E2F24DBFB5500A60789 /* ViewController.swift in Sources */ = {isa = PBXBuildFile; fileRef = 47483E2E24DBFB5500A60789 /* ViewController.swift */; };
		47483E3224DBFB5500A60789 /* Main.storyboard in Resources */ = {isa = PBXBuildFile; fileRef = 47483E3024DBFB5500A60789 /* Main.storyboard */; };
		47483E3424DBFB5500A60789 /* Assets.xcassets in Resources */ = {isa = PBXBuildFile; fileRef = 47483E3324DBFB5500A60789 /* Assets.xcassets */; };
		47483E3724DBFB5500A60789 /* LaunchScreen.storyboard in Resources */ = {isa = PBXBuildFile; fileRef = 47483E3524DBFB5500A60789 /* LaunchScreen.storyboard */; };
		47990D3F24E528F600D6953B /* Default-568h@2x.png in Resources */ = {isa = PBXBuildFile; fileRef = 47990D3E24E528F600D6953B /* Default-568h@2x.png */; };
		47990D4124E5338600D6953B /* WeatherRepository.swift in Sources */ = {isa = PBXBuildFile; fileRef = 47990D4024E5338600D6953B /* WeatherRepository.swift */; };
		47990D4524E53AA300D6953B /* DefaultWeatherRepository.swift in Sources */ = {isa = PBXBuildFile; fileRef = 47990D4424E53AA300D6953B /* DefaultWeatherRepository.swift */; };
		47990D4724E53C7F00D6953B /* WeatherDataSource.swift in Sources */ = {isa = PBXBuildFile; fileRef = 47990D4624E53C7F00D6953B /* WeatherDataSource.swift */; };
		47990D4B24E53CD500D6953B /* LocalWeatherDataSource.swift in Sources */ = {isa = PBXBuildFile; fileRef = 47990D4A24E53CD500D6953B /* LocalWeatherDataSource.swift */; };
		47990D4D24E53FF400D6953B /* RemoteWeatherDataSource.swift in Sources */ = {isa = PBXBuildFile; fileRef = 47990D4C24E53FF400D6953B /* RemoteWeatherDataSource.swift */; };
		66D044A171696F57C49C0D70 /* Pods_ios_mvvm_sample.framework in Frameworks */ = {isa = PBXBuildFile; fileRef = CC5E27584E7B3D6D617940A0 /* Pods_ios_mvvm_sample.framework */; };
/* End PBXBuildFile section */

/* Begin PBXFileReference section */
		47212D8D24E3DF7E0069542F /* Weather.swift */ = {isa = PBXFileReference; lastKnownFileType = sourcecode.swift; path = Weather.swift; sourceTree = "<group>"; };
		47212D8F24E3EC1E0069542F /* FetchCurrentWeatherUseCase.swift */ = {isa = PBXFileReference; lastKnownFileType = sourcecode.swift; path = FetchCurrentWeatherUseCase.swift; sourceTree = "<group>"; };
		47212D9124E3EDC20069542F /* EndPoint.swift */ = {isa = PBXFileReference; lastKnownFileType = sourcecode.swift; path = EndPoint.swift; sourceTree = "<group>"; };
		47483E2724DBFB5500A60789 /* ios-mvvm-sample.app */ = {isa = PBXFileReference; explicitFileType = wrapper.application; includeInIndex = 0; path = "ios-mvvm-sample.app"; sourceTree = BUILT_PRODUCTS_DIR; };
		47483E2A24DBFB5500A60789 /* AppDelegate.swift */ = {isa = PBXFileReference; lastKnownFileType = sourcecode.swift; path = AppDelegate.swift; sourceTree = "<group>"; };
		47483E2C24DBFB5500A60789 /* SceneDelegate.swift */ = {isa = PBXFileReference; lastKnownFileType = sourcecode.swift; path = SceneDelegate.swift; sourceTree = "<group>"; };
		47483E2E24DBFB5500A60789 /* ViewController.swift */ = {isa = PBXFileReference; lastKnownFileType = sourcecode.swift; path = ViewController.swift; sourceTree = "<group>"; };
		47483E3124DBFB5500A60789 /* Base */ = {isa = PBXFileReference; lastKnownFileType = file.storyboard; name = Base; path = Base.lproj/Main.storyboard; sourceTree = "<group>"; };
		47483E3324DBFB5500A60789 /* Assets.xcassets */ = {isa = PBXFileReference; lastKnownFileType = folder.assetcatalog; path = Assets.xcassets; sourceTree = "<group>"; };
		47483E3624DBFB5500A60789 /* Base */ = {isa = PBXFileReference; lastKnownFileType = file.storyboard; name = Base; path = Base.lproj/LaunchScreen.storyboard; sourceTree = "<group>"; };
		47483E3824DBFB5500A60789 /* Info.plist */ = {isa = PBXFileReference; lastKnownFileType = text.plist.xml; path = Info.plist; sourceTree = "<group>"; };
		47990D3E24E528F600D6953B /* Default-568h@2x.png */ = {isa = PBXFileReference; lastKnownFileType = image.png; path = "Default-568h@2x.png"; sourceTree = "<group>"; };
		47990D4024E5338600D6953B /* WeatherRepository.swift */ = {isa = PBXFileReference; lastKnownFileType = sourcecode.swift; path = WeatherRepository.swift; sourceTree = "<group>"; };
		47990D4424E53AA300D6953B /* DefaultWeatherRepository.swift */ = {isa = PBXFileReference; lastKnownFileType = sourcecode.swift; path = DefaultWeatherRepository.swift; sourceTree = "<group>"; };
		47990D4624E53C7F00D6953B /* WeatherDataSource.swift */ = {isa = PBXFileReference; lastKnownFileType = sourcecode.swift; path = WeatherDataSource.swift; sourceTree = "<group>"; };
		47990D4A24E53CD500D6953B /* LocalWeatherDataSource.swift */ = {isa = PBXFileReference; lastKnownFileType = sourcecode.swift; path = LocalWeatherDataSource.swift; sourceTree = "<group>"; };
		47990D4C24E53FF400D6953B /* RemoteWeatherDataSource.swift */ = {isa = PBXFileReference; lastKnownFileType = sourcecode.swift; path = RemoteWeatherDataSource.swift; sourceTree = "<group>"; };
		9AF9FD9855FDB45754015797 /* Pods-ios-mvvm-sample.release.xcconfig */ = {isa = PBXFileReference; includeInIndex = 1; lastKnownFileType = text.xcconfig; name = "Pods-ios-mvvm-sample.release.xcconfig"; path = "Target Support Files/Pods-ios-mvvm-sample/Pods-ios-mvvm-sample.release.xcconfig"; sourceTree = "<group>"; };
		CC5E27584E7B3D6D617940A0 /* Pods_ios_mvvm_sample.framework */ = {isa = PBXFileReference; explicitFileType = wrapper.framework; includeInIndex = 0; path = Pods_ios_mvvm_sample.framework; sourceTree = BUILT_PRODUCTS_DIR; };
		F2862B54B77213B2E3B3CD38 /* Pods-ios-mvvm-sample.debug.xcconfig */ = {isa = PBXFileReference; includeInIndex = 1; lastKnownFileType = text.xcconfig; name = "Pods-ios-mvvm-sample.debug.xcconfig"; path = "Target Support Files/Pods-ios-mvvm-sample/Pods-ios-mvvm-sample.debug.xcconfig"; sourceTree = "<group>"; };
/* End PBXFileReference section */

/* Begin PBXFrameworksBuildPhase section */
		47483E2424DBFB5500A60789 /* Frameworks */ = {
			isa = PBXFrameworksBuildPhase;
			buildActionMask = 2147483647;
			files = (
				66D044A171696F57C49C0D70 /* Pods_ios_mvvm_sample.framework in Frameworks */,
			);
			runOnlyForDeploymentPostprocessing = 0;
		};
/* End PBXFrameworksBuildPhase section */

/* Begin PBXGroup section */
		223FCE534D54172FF6A74163 /* Frameworks */ = {
			isa = PBXGroup;
			children = (
				CC5E27584E7B3D6D617940A0 /* Pods_ios_mvvm_sample.framework */,
			);
			name = Frameworks;
			sourceTree = "<group>";
		};
		47212D8524E3D3840069542F /* Domain */ = {
			isa = PBXGroup;
			children = (
				47212D8A24E3DF440069542F /* Entities */,
				47212D8B24E3DF4B0069542F /* UseCases */,
				47212D8C24E3DF5F0069542F /* Interfaces */,
			);
			path = Domain;
			sourceTree = "<group>";
		};
		47212D8624E3D3910069542F /* Presentation */ = {
			isa = PBXGroup;
			children = (
			);
			path = Presentation;
			sourceTree = "<group>";
		};
		47212D8724E3D3990069542F /* Data */ = {
			isa = PBXGroup;
			children = (
				47990D4224E53A6A00D6953B /* Repositories */,
				47990D4324E53A7400D6953B /* DataSources */,
				47212D9124E3EDC20069542F /* EndPoint.swift */,
			);
			path = Data;
			sourceTree = "<group>";
		};
		47212D8824E3D3C20069542F /* Application */ = {
			isa = PBXGroup;
			children = (
				47483E2A24DBFB5500A60789 /* AppDelegate.swift */,
				47483E2C24DBFB5500A60789 /* SceneDelegate.swift */,
			);
			path = Application;
			sourceTree = "<group>";
		};
		47212D8924E3D4210069542F /* Resources */ = {
			isa = PBXGroup;
			children = (
				47483E3024DBFB5500A60789 /* Main.storyboard */,
				47483E3324DBFB5500A60789 /* Assets.xcassets */,
				47990D3E24E528F600D6953B /* Default-568h@2x.png */,
				47483E3524DBFB5500A60789 /* LaunchScreen.storyboard */,
				47483E3824DBFB5500A60789 /* Info.plist */,
			);
			path = Resources;
			sourceTree = "<group>";
		};
		47212D8A24E3DF440069542F /* Entities */ = {
			isa = PBXGroup;
			children = (
				47212D8D24E3DF7E0069542F /* Weather.swift */,
			);
			path = Entities;
			sourceTree = "<group>";
		};
		47212D8B24E3DF4B0069542F /* UseCases */ = {
			isa = PBXGroup;
			children = (
				47212D8F24E3EC1E0069542F /* FetchCurrentWeatherUseCase.swift */,
			);
			path = UseCases;
			sourceTree = "<group>";
		};
		47212D8C24E3DF5F0069542F /* Interfaces */ = {
			isa = PBXGroup;
			children = (
				47990D3D24E5193800D6953B /* Repositories */,
			);
			path = Interfaces;
			sourceTree = "<group>";
		};
		47483E1E24DBFB5500A60789 = {
			isa = PBXGroup;
			children = (
				47483E2924DBFB5500A60789 /* ios-mvvm-sample */,
				47483E2824DBFB5500A60789 /* Products */,
				A78560C1B123A1F15D9E87AB /* Pods */,
				223FCE534D54172FF6A74163 /* Frameworks */,
			);
			sourceTree = "<group>";
		};
		47483E2824DBFB5500A60789 /* Products */ = {
			isa = PBXGroup;
			children = (
				47483E2724DBFB5500A60789 /* ios-mvvm-sample.app */,
			);
			name = Products;
			sourceTree = "<group>";
		};
		47483E2924DBFB5500A60789 /* ios-mvvm-sample */ = {
			isa = PBXGroup;
			children = (
				47212D8824E3D3C20069542F /* Application */,
				47212D8524E3D3840069542F /* Domain */,
				47212D8624E3D3910069542F /* Presentation */,
				47212D8724E3D3990069542F /* Data */,
				47212D8924E3D4210069542F /* Resources */,
				47483E2E24DBFB5500A60789 /* ViewController.swift */,
			);
			path = "ios-mvvm-sample";
			sourceTree = "<group>";
		};
		47990D3D24E5193800D6953B /* Repositories */ = {
			isa = PBXGroup;
			children = (
				47990D4024E5338600D6953B /* WeatherRepository.swift */,
			);
			path = Repositories;
			sourceTree = "<group>";
		};
		47990D4224E53A6A00D6953B /* Repositories */ = {
			isa = PBXGroup;
			children = (
				47990D4424E53AA300D6953B /* DefaultWeatherRepository.swift */,
			);
			path = Repositories;
			sourceTree = "<group>";
		};
		47990D4324E53A7400D6953B /* DataSources */ = {
			isa = PBXGroup;
			children = (
				47990D4924E53CBE00D6953B /* Remote */,
				47990D4824E53CB500D6953B /* Local */,
				47990D4624E53C7F00D6953B /* WeatherDataSource.swift */,
			);
			path = DataSources;
			sourceTree = "<group>";
		};
		47990D4824E53CB500D6953B /* Local */ = {
			isa = PBXGroup;
			children = (
				47990D4A24E53CD500D6953B /* LocalWeatherDataSource.swift */,
			);
			path = Local;
			sourceTree = "<group>";
		};
		47990D4924E53CBE00D6953B /* Remote */ = {
			isa = PBXGroup;
			children = (
				47990D4C24E53FF400D6953B /* RemoteWeatherDataSource.swift */,
			);
			path = Remote;
			sourceTree = "<group>";
		};
		A78560C1B123A1F15D9E87AB /* Pods */ = {
			isa = PBXGroup;
			children = (
				F2862B54B77213B2E3B3CD38 /* Pods-ios-mvvm-sample.debug.xcconfig */,
				9AF9FD9855FDB45754015797 /* Pods-ios-mvvm-sample.release.xcconfig */,
			);
			path = Pods;
			sourceTree = "<group>";
		};
/* End PBXGroup section */

/* Begin PBXNativeTarget section */
		47483E2624DBFB5500A60789 /* ios-mvvm-sample */ = {
			isa = PBXNativeTarget;
			buildConfigurationList = 47483E3B24DBFB5500A60789 /* Build configuration list for PBXNativeTarget "ios-mvvm-sample" */;
			buildPhases = (
				27156B6C1F9AEEA325E974B3 /* [CP] Check Pods Manifest.lock */,
				47483E2324DBFB5500A60789 /* Sources */,
				47483E2424DBFB5500A60789 /* Frameworks */,
				47483E2524DBFB5500A60789 /* Resources */,
				A627CB61A37D7D56F8469B85 /* [CP] Embed Pods Frameworks */,
			);
			buildRules = (
			);
			dependencies = (
			);
			name = "ios-mvvm-sample";
			productName = "ios-mvvm-sample";
			productReference = 47483E2724DBFB5500A60789 /* ios-mvvm-sample.app */;
			productType = "com.apple.product-type.application";
		};
/* End PBXNativeTarget section */

/* Begin PBXProject section */
		47483E1F24DBFB5500A60789 /* Project object */ = {
			isa = PBXProject;
			attributes = {
				LastSwiftUpdateCheck = 1160;
				LastUpgradeCheck = 1160;
				ORGANIZATIONNAME = seungminbae;
				TargetAttributes = {
					47483E2624DBFB5500A60789 = {
						CreatedOnToolsVersion = 11.6;
					};
				};
			};
			buildConfigurationList = 47483E2224DBFB5500A60789 /* Build configuration list for PBXProject "ios-mvvm-sample" */;
			compatibilityVersion = "Xcode 9.3";
			developmentRegion = en;
			hasScannedForEncodings = 0;
			knownRegions = (
				en,
				Base,
			);
			mainGroup = 47483E1E24DBFB5500A60789;
			productRefGroup = 47483E2824DBFB5500A60789 /* Products */;
			projectDirPath = "";
			projectRoot = "";
			targets = (
				47483E2624DBFB5500A60789 /* ios-mvvm-sample */,
			);
		};
/* End PBXProject section */

/* Begin PBXResourcesBuildPhase section */
		47483E2524DBFB5500A60789 /* Resources */ = {
			isa = PBXResourcesBuildPhase;
			buildActionMask = 2147483647;
			files = (
				47483E3724DBFB5500A60789 /* LaunchScreen.storyboard in Resources */,
				47990D3F24E528F600D6953B /* Default-568h@2x.png in Resources */,
				47483E3424DBFB5500A60789 /* Assets.xcassets in Resources */,
				47483E3224DBFB5500A60789 /* Main.storyboard in Resources */,
			);
			runOnlyForDeploymentPostprocessing = 0;
		};
/* End PBXResourcesBuildPhase section */

/* Begin PBXShellScriptBuildPhase section */
		27156B6C1F9AEEA325E974B3 /* [CP] Check Pods Manifest.lock */ = {
			isa = PBXShellScriptBuildPhase;
			buildActionMask = 2147483647;
			files = (
			);
			inputFileListPaths = (
			);
			inputPaths = (
				"${PODS_PODFILE_DIR_PATH}/Podfile.lock",
				"${PODS_ROOT}/Manifest.lock",
			);
			name = "[CP] Check Pods Manifest.lock";
			outputFileListPaths = (
			);
			outputPaths = (
				"$(DERIVED_FILE_DIR)/Pods-ios-mvvm-sample-checkManifestLockResult.txt",
			);
			runOnlyForDeploymentPostprocessing = 0;
			shellPath = /bin/sh;
			shellScript = "diff \"${PODS_PODFILE_DIR_PATH}/Podfile.lock\" \"${PODS_ROOT}/Manifest.lock\" > /dev/null\nif [ $? != 0 ] ; then\n    # print error to STDERR\n    echo \"error: The sandbox is not in sync with the Podfile.lock. Run 'pod install' or update your CocoaPods installation.\" >&2\n    exit 1\nfi\n# This output is used by Xcode 'outputs' to avoid re-running this script phase.\necho \"SUCCESS\" > \"${SCRIPT_OUTPUT_FILE_0}\"\n";
			showEnvVarsInLog = 0;
		};
		A627CB61A37D7D56F8469B85 /* [CP] Embed Pods Frameworks */ = {
			isa = PBXShellScriptBuildPhase;
			buildActionMask = 2147483647;
			files = (
			);
			inputFileListPaths = (
				"${PODS_ROOT}/Target Support Files/Pods-ios-mvvm-sample/Pods-ios-mvvm-sample-frameworks-${CONFIGURATION}-input-files.xcfilelist",
			);
			name = "[CP] Embed Pods Frameworks";
			outputFileListPaths = (
				"${PODS_ROOT}/Target Support Files/Pods-ios-mvvm-sample/Pods-ios-mvvm-sample-frameworks-${CONFIGURATION}-output-files.xcfilelist",
			);
			runOnlyForDeploymentPostprocessing = 0;
			shellPath = /bin/sh;
			shellScript = "\"${PODS_ROOT}/Target Support Files/Pods-ios-mvvm-sample/Pods-ios-mvvm-sample-frameworks.sh\"\n";
			showEnvVarsInLog = 0;
		};
/* End PBXShellScriptBuildPhase section */

/* Begin PBXSourcesBuildPhase section */
		47483E2324DBFB5500A60789 /* Sources */ = {
			isa = PBXSourcesBuildPhase;
			buildActionMask = 2147483647;
			files = (
				47990D4124E5338600D6953B /* WeatherRepository.swift in Sources */,
				47990D4D24E53FF400D6953B /* RemoteWeatherDataSource.swift in Sources */,
				47212D9224E3EDC20069542F /* EndPoint.swift in Sources */,
				47990D4724E53C7F00D6953B /* WeatherDataSource.swift in Sources */,
				47212D8E24E3DF7E0069542F /* Weather.swift in Sources */,
				47483E2F24DBFB5500A60789 /* ViewController.swift in Sources */,
				47483E2B24DBFB5500A60789 /* AppDelegate.swift in Sources */,
				47212D9024E3EC1E0069542F /* FetchCurrentWeatherUseCase.swift in Sources */,
				47990D4524E53AA300D6953B /* DefaultWeatherRepository.swift in Sources */,
				47483E2D24DBFB5500A60789 /* SceneDelegate.swift in Sources */,
				47990D4B24E53CD500D6953B /* LocalWeatherDataSource.swift in Sources */,
			);
			runOnlyForDeploymentPostprocessing = 0;
		};
/* End PBXSourcesBuildPhase section */

/* Begin PBXVariantGroup section */
		47483E3024DBFB5500A60789 /* Main.storyboard */ = {
			isa = PBXVariantGroup;
			children = (
				47483E3124DBFB5500A60789 /* Base */,
			);
			name = Main.storyboard;
			sourceTree = "<group>";
		};
		47483E3524DBFB5500A60789 /* LaunchScreen.storyboard */ = {
			isa = PBXVariantGroup;
			children = (
				47483E3624DBFB5500A60789 /* Base */,
			);
			name = LaunchScreen.storyboard;
			sourceTree = "<group>";
		};
/* End PBXVariantGroup section */

/* Begin XCBuildConfiguration section */
		47483E3924DBFB5500A60789 /* Debug */ = {
			isa = XCBuildConfiguration;
			buildSettings = {
				ALWAYS_SEARCH_USER_PATHS = NO;
				CLANG_ANALYZER_NONNULL = YES;
				CLANG_ANALYZER_NUMBER_OBJECT_CONVERSION = YES_AGGRESSIVE;
				CLANG_CXX_LANGUAGE_STANDARD = "gnu++14";
				CLANG_CXX_LIBRARY = "libc++";
				CLANG_ENABLE_MODULES = YES;
				CLANG_ENABLE_OBJC_ARC = YES;
				CLANG_ENABLE_OBJC_WEAK = YES;
				CLANG_WARN_BLOCK_CAPTURE_AUTORELEASING = YES;
				CLANG_WARN_BOOL_CONVERSION = YES;
				CLANG_WARN_COMMA = YES;
				CLANG_WARN_CONSTANT_CONVERSION = YES;
				CLANG_WARN_DEPRECATED_OBJC_IMPLEMENTATIONS = YES;
				CLANG_WARN_DIRECT_OBJC_ISA_USAGE = YES_ERROR;
				CLANG_WARN_DOCUMENTATION_COMMENTS = YES;
				CLANG_WARN_EMPTY_BODY = YES;
				CLANG_WARN_ENUM_CONVERSION = YES;
				CLANG_WARN_INFINITE_RECURSION = YES;
				CLANG_WARN_INT_CONVERSION = YES;
				CLANG_WARN_NON_LITERAL_NULL_CONVERSION = YES;
				CLANG_WARN_OBJC_IMPLICIT_RETAIN_SELF = YES;
				CLANG_WARN_OBJC_LITERAL_CONVERSION = YES;
				CLANG_WARN_OBJC_ROOT_CLASS = YES_ERROR;
				CLANG_WARN_RANGE_LOOP_ANALYSIS = YES;
				CLANG_WARN_STRICT_PROTOTYPES = YES;
				CLANG_WARN_SUSPICIOUS_MOVE = YES;
				CLANG_WARN_UNGUARDED_AVAILABILITY = YES_AGGRESSIVE;
				CLANG_WARN_UNREACHABLE_CODE = YES;
				CLANG_WARN__DUPLICATE_METHOD_MATCH = YES;
				COPY_PHASE_STRIP = NO;
				DEBUG_INFORMATION_FORMAT = dwarf;
				ENABLE_STRICT_OBJC_MSGSEND = YES;
				ENABLE_TESTABILITY = YES;
				GCC_C_LANGUAGE_STANDARD = gnu11;
				GCC_DYNAMIC_NO_PIC = NO;
				GCC_NO_COMMON_BLOCKS = YES;
				GCC_OPTIMIZATION_LEVEL = 0;
				GCC_PREPROCESSOR_DEFINITIONS = (
					"DEBUG=1",
					"$(inherited)",
				);
				GCC_WARN_64_TO_32_BIT_CONVERSION = YES;
				GCC_WARN_ABOUT_RETURN_TYPE = YES_ERROR;
				GCC_WARN_UNDECLARED_SELECTOR = YES;
				GCC_WARN_UNINITIALIZED_AUTOS = YES_AGGRESSIVE;
				GCC_WARN_UNUSED_FUNCTION = YES;
				GCC_WARN_UNUSED_VARIABLE = YES;
				IPHONEOS_DEPLOYMENT_TARGET = 13.6;
				MTL_ENABLE_DEBUG_INFO = INCLUDE_SOURCE;
				MTL_FAST_MATH = YES;
				ONLY_ACTIVE_ARCH = YES;
				SDKROOT = iphoneos;
				SWIFT_ACTIVE_COMPILATION_CONDITIONS = DEBUG;
				SWIFT_OPTIMIZATION_LEVEL = "-Onone";
			};
			name = Debug;
		};
		47483E3A24DBFB5500A60789 /* Release */ = {
			isa = XCBuildConfiguration;
			buildSettings = {
				ALWAYS_SEARCH_USER_PATHS = NO;
				CLANG_ANALYZER_NONNULL = YES;
				CLANG_ANALYZER_NUMBER_OBJECT_CONVERSION = YES_AGGRESSIVE;
				CLANG_CXX_LANGUAGE_STANDARD = "gnu++14";
				CLANG_CXX_LIBRARY = "libc++";
				CLANG_ENABLE_MODULES = YES;
				CLANG_ENABLE_OBJC_ARC = YES;
				CLANG_ENABLE_OBJC_WEAK = YES;
				CLANG_WARN_BLOCK_CAPTURE_AUTORELEASING = YES;
				CLANG_WARN_BOOL_CONVERSION = YES;
				CLANG_WARN_COMMA = YES;
				CLANG_WARN_CONSTANT_CONVERSION = YES;
				CLANG_WARN_DEPRECATED_OBJC_IMPLEMENTATIONS = YES;
				CLANG_WARN_DIRECT_OBJC_ISA_USAGE = YES_ERROR;
				CLANG_WARN_DOCUMENTATION_COMMENTS = YES;
				CLANG_WARN_EMPTY_BODY = YES;
				CLANG_WARN_ENUM_CONVERSION = YES;
				CLANG_WARN_INFINITE_RECURSION = YES;
				CLANG_WARN_INT_CONVERSION = YES;
				CLANG_WARN_NON_LITERAL_NULL_CONVERSION = YES;
				CLANG_WARN_OBJC_IMPLICIT_RETAIN_SELF = YES;
				CLANG_WARN_OBJC_LITERAL_CONVERSION = YES;
				CLANG_WARN_OBJC_ROOT_CLASS = YES_ERROR;
				CLANG_WARN_RANGE_LOOP_ANALYSIS = YES;
				CLANG_WARN_STRICT_PROTOTYPES = YES;
				CLANG_WARN_SUSPICIOUS_MOVE = YES;
				CLANG_WARN_UNGUARDED_AVAILABILITY = YES_AGGRESSIVE;
				CLANG_WARN_UNREACHABLE_CODE = YES;
				CLANG_WARN__DUPLICATE_METHOD_MATCH = YES;
				COPY_PHASE_STRIP = NO;
				DEBUG_INFORMATION_FORMAT = "dwarf-with-dsym";
				ENABLE_NS_ASSERTIONS = NO;
				ENABLE_STRICT_OBJC_MSGSEND = YES;
				GCC_C_LANGUAGE_STANDARD = gnu11;
				GCC_NO_COMMON_BLOCKS = YES;
				GCC_WARN_64_TO_32_BIT_CONVERSION = YES;
				GCC_WARN_ABOUT_RETURN_TYPE = YES_ERROR;
				GCC_WARN_UNDECLARED_SELECTOR = YES;
				GCC_WARN_UNINITIALIZED_AUTOS = YES_AGGRESSIVE;
				GCC_WARN_UNUSED_FUNCTION = YES;
				GCC_WARN_UNUSED_VARIABLE = YES;
				IPHONEOS_DEPLOYMENT_TARGET = 13.6;
				MTL_ENABLE_DEBUG_INFO = NO;
				MTL_FAST_MATH = YES;
				SDKROOT = iphoneos;
				SWIFT_COMPILATION_MODE = wholemodule;
				SWIFT_OPTIMIZATION_LEVEL = "-O";
				VALIDATE_PRODUCT = YES;
			};
			name = Release;
		};
		47483E3C24DBFB5500A60789 /* Debug */ = {
			isa = XCBuildConfiguration;
			baseConfigurationReference = F2862B54B77213B2E3B3CD38 /* Pods-ios-mvvm-sample.debug.xcconfig */;
			buildSettings = {
				ASSETCATALOG_COMPILER_APPICON_NAME = AppIcon;
				CODE_SIGN_STYLE = Automatic;
				DEVELOPMENT_TEAM = 949577ZGT6;
				INFOPLIST_FILE = "$(SRCROOT)/ios-mvvm-sample/Resources/Info.plist";
				LD_RUNPATH_SEARCH_PATHS = (
					"$(inherited)",
					"@executable_path/Frameworks",
				);
				PRODUCT_BUNDLE_IDENTIFIER = "seungminbae.ios-mvvm-sample";
				PRODUCT_NAME = "$(TARGET_NAME)";
				SWIFT_VERSION = 5.0;
				TARGETED_DEVICE_FAMILY = "1,2";
			};
			name = Debug;
		};
		47483E3D24DBFB5500A60789 /* Release */ = {
			isa = XCBuildConfiguration;
			baseConfigurationReference = 9AF9FD9855FDB45754015797 /* Pods-ios-mvvm-sample.release.xcconfig */;
			buildSettings = {
				ASSETCATALOG_COMPILER_APPICON_NAME = AppIcon;
				CODE_SIGN_STYLE = Automatic;
				DEVELOPMENT_TEAM = 949577ZGT6;
				INFOPLIST_FILE = "$(SRCROOT)/ios-mvvm-sample/Resources/Info.plist";
				LD_RUNPATH_SEARCH_PATHS = (
					"$(inherited)",
					"@executable_path/Frameworks",
				);
				PRODUCT_BUNDLE_IDENTIFIER = "seungminbae.ios-mvvm-sample";
				PRODUCT_NAME = "$(TARGET_NAME)";
				SWIFT_VERSION = 5.0;
				TARGETED_DEVICE_FAMILY = "1,2";
			};
			name = Release;
		};
/* End XCBuildConfiguration section */

/* Begin XCConfigurationList section */
		47483E2224DBFB5500A60789 /* Build configuration list for PBXProject "ios-mvvm-sample" */ = {
			isa = XCConfigurationList;
			buildConfigurations = (
				47483E3924DBFB5500A60789 /* Debug */,
				47483E3A24DBFB5500A60789 /* Release */,
			);
			defaultConfigurationIsVisible = 0;
			defaultConfigurationName = Release;
		};
		47483E3B24DBFB5500A60789 /* Build configuration list for PBXNativeTarget "ios-mvvm-sample" */ = {
			isa = XCConfigurationList;
			buildConfigurations = (
				47483E3C24DBFB5500A60789 /* Debug */,
				47483E3D24DBFB5500A60789 /* Release */,
			);
			defaultConfigurationIsVisible = 0;
			defaultConfigurationName = Release;
		};
/* End XCConfigurationList section */
	};
	rootObject = 47483E1F24DBFB5500A60789 /* Project object */;
}
