// !$*UTF8*$!
{
	archiveVersion = 1;
	classes = {
	};
	objectVersion = 50;
	objects = {

/* Begin PBXBuildFile section */
		47212D8E24E3DF7E0069542F /* Weather.swift in Sources */ = {isa = PBXBuildFile; fileRef = 47212D8D24E3DF7E0069542F /* Weather.swift */; };
		47212D9024E3EC1E0069542F /* FetchCurrentWeatherUseCase.swift in Sources */ = {isa = PBXBuildFile; fileRef = 47212D8F24E3EC1E0069542F /* FetchCurrentWeatherUseCase.swift */; };
		47212D9224E3EDC20069542F /* EndPoint.swift in Sources */ = {isa = PBXBuildFile; fileRef = 47212D9124E3EDC20069542F /* EndPoint.swift */; };
		47483E2B24DBFB5500A60789 /* AppDelegate.swift in Sources */ = {isa = PBXBuildFile; fileRef = 47483E2A24DBFB5500A60789 /* AppDelegate.swift */; };
		47483E2D24DBFB5500A60789 /* SceneDelegate.swift in Sources */ = {isa = PBXBuildFile; fileRef = 47483E2C24DBFB5500A60789 /* SceneDelegate.swift */; };
		47483E2F24DBFB5500A60789 /* ViewController.swift in Sources */ = {isa = PBXBuildFile; fileRef = 47483E2E24DBFB5500A60789 /* ViewController.swift */; };
		47483E3224DBFB5500A60789 /* Main.storyboard in Resources */ = {isa = PBXBuildFile; fileRef = 47483E3024DBFB5500A60789 /* Main.storyboard */; };
		47483E3424DBFB5500A60789 /* Assets.xcassets in Resources */ = {isa = PBXBuildFile; fileRef = 47483E3324DBFB5500A60789 /* Assets.xcassets */; };
		47483E3724DBFB5500A60789 /* LaunchScreen.storyboard in Resources */ = {isa = PBXBuildFile; fileRef = 47483E3524DBFB5500A60789 /* LaunchScreen.storyboard */; };
/* End PBXBuildFile section */

/* Begin PBXFileReference section */
		47212D8D24E3DF7E0069542F /* Weather.swift */ = {isa = PBXFileReference; lastKnownFileType = sourcecode.swift; path = Weather.swift; sourceTree = "<group>"; };
		47212D8F24E3EC1E0069542F /* FetchCurrentWeatherUseCase.swift */ = {isa = PBXFileReference; lastKnownFileType = sourcecode.swift; path = FetchCurrentWeatherUseCase.swift; sourceTree = "<group>"; };
		47212D9124E3EDC20069542F /* EndPoint.swift */ = {isa = PBXFileReference; lastKnownFileType = sourcecode.swift; path = EndPoint.swift; sourceTree = "<group>"; };
		47483E2724DBFB5500A60789 /* ios-mvvm-sample.app */ = {isa = PBXFileReference; explicitFileType = wrapper.application; includeInIndex = 0; path = "ios-mvvm-sample.app"; sourceTree = BUILT_PRODUCTS_DIR; };
		47483E2A24DBFB5500A60789 /* AppDelegate.swift */ = {isa = PBXFileReference; lastKnownFileType = sourcecode.swift; path = AppDelegate.swift; sourceTree = "<group>"; };
		47483E2C24DBFB5500A60789 /* SceneDelegate.swift */ = {isa = PBXFileReference; lastKnownFileType = sourcecode.swift; path = SceneDelegate.swift; sourceTree = "<group>"; };
		47483E2E24DBFB5500A60789 /* ViewController.swift */ = {isa = PBXFileReference; lastKnownFileType = sourcecode.swift; path = ViewController.swift; sourceTree = "<group>"; };
		47483E3124DBFB5500A60789 /* Base */ = {isa = PBXFileReference; lastKnownFileType = file.storyboard; name = Base; path = Base.lproj/Main.storyboard; sourceTree = "<group>"; };
		47483E3324DBFB5500A60789 /* Assets.xcassets */ = {isa = PBXFileReference; lastKnownFileType = folder.assetcatalog; path = Assets.xcassets; sourceTree = "<group>"; };
		47483E3624DBFB5500A60789 /* Base */ = {isa = PBXFileReference; lastKnownFileType = file.storyboard; name = Base; path = Base.lproj/LaunchScreen.storyboard; sourceTree = "<group>"; };
		47483E3824DBFB5500A60789 /* Info.plist */ = {isa = PBXFileReference; lastKnownFileType = text.plist.xml; path = Info.plist; sourceTree = "<group>"; };
/* End PBXFileReference section */

/* Begin PBXFrameworksBuildPhase section */
		47483E2424DBFB5500A60789 /* Frameworks */ = {
			isa = PBXFrameworksBuildPhase;
			buildActionMask = 2147483647;
			files = (
			);
			runOnlyForDeploymentPostprocessing = 0;
		};
/* End PBXFrameworksBuildPhase section */

/* Begin PBXGroup section */
		47212D8524E3D3840069542F /* Domain */ = {
			isa = PBXGroup;
			children = (
				47212D8A24E3DF440069542F /* Entities */,
				47212D8B24E3DF4B0069542F /* UseCases */,
				47212D8C24E3DF5F0069542F /* Interfaces */,
			);
			path = Domain;
			sourceTree = "<group>";
		};
		47212D8624E3D3910069542F /* Presentation */ = {
			isa = PBXGroup;
			children = (
			);
			path = Presentation;
			sourceTree = "<group>";
		};
		47212D8724E3D3990069542F /* Data */ = {
			isa = PBXGroup;
			children = (
				47212D9124E3EDC20069542F /* EndPoint.swift */,
			);
			path = Data;
			sourceTree = "<group>";
		};
		47212D8824E3D3C20069542F /* Application */ = {
			isa = PBXGroup;
			children = (
				47483E2A24DBFB5500A60789 /* AppDelegate.swift */,
				47483E2C24DBFB5500A60789 /* SceneDelegate.swift */,
			);
			path = Application;
			sourceTree = "<group>";
		};
		47212D8924E3D4210069542F /* Resources */ = {
			isa = PBXGroup;
			children = (
				47483E3024DBFB5500A60789 /* Main.storyboard */,
				47483E3324DBFB5500A60789 /* Assets.xcassets */,
				47483E3524DBFB5500A60789 /* LaunchScreen.storyboard */,
				47483E3824DBFB5500A60789 /* Info.plist */,
			);
			path = Resources;
			sourceTree = "<group>";
		};
		47212D8A24E3DF440069542F /* Entities */ = {
			isa = PBXGroup;
			children = (
				47212D8D24E3DF7E0069542F /* Weather.swift */,
			);
			path = Entities;
			sourceTree = "<group>";
		};
		47212D8B24E3DF4B0069542F /* UseCases */ = {
			isa = PBXGroup;
			children = (
				47212D8F24E3EC1E0069542F /* FetchCurrentWeatherUseCase.swift */,
			);
			path = UseCases;
			sourceTree = "<group>";
		};
		47212D8C24E3DF5F0069542F /* Interfaces */ = {
			isa = PBXGroup;
			children = (
			);
			path = Interfaces;
			sourceTree = "<group>";
		};
		47483E1E24DBFB5500A60789 = {
			isa = PBXGroup;
			children = (
				47483E2924DBFB5500A60789 /* ios-mvvm-sample */,
				47483E2824DBFB5500A60789 /* Products */,
			);
			sourceTree = "<group>";
		};
		47483E2824DBFB5500A60789 /* Products */ = {
			isa = PBXGroup;
			children = (
				47483E2724DBFB5500A60789 /* ios-mvvm-sample.app */,
			);
			name = Products;
			sourceTree = "<group>";
		};
		47483E2924DBFB5500A60789 /* ios-mvvm-sample */ = {
			isa = PBXGroup;
			children = (
				47212D8824E3D3C20069542F /* Application */,
				47212D8524E3D3840069542F /* Domain */,
				47212D8624E3D3910069542F /* Presentation */,
				47212D8724E3D3990069542F /* Data */,
				47212D8924E3D4210069542F /* Resources */,
				47483E2E24DBFB5500A60789 /* ViewController.swift */,
			);
			path = "ios-mvvm-sample";
			sourceTree = "<group>";
		};
/* End PBXGroup section */

/* Begin PBXNativeTarget section */
		47483E2624DBFB5500A60789 /* ios-mvvm-sample */ = {
			isa = PBXNativeTarget;
			buildConfigurationList = 47483E3B24DBFB5500A60789 /* Build configuration list for PBXNativeTarget "ios-mvvm-sample" */;
			buildPhases = (
				47483E2324DBFB5500A60789 /* Sources */,
				47483E2424DBFB5500A60789 /* Frameworks */,
				47483E2524DBFB5500A60789 /* Resources */,
			);
			buildRules = (
			);
			dependencies = (
			);
			name = "ios-mvvm-sample";
			productName = "ios-mvvm-sample";
			productReference = 47483E2724DBFB5500A60789 /* ios-mvvm-sample.app */;
			productType = "com.apple.product-type.application";
		};
/* End PBXNativeTarget section */

/* Begin PBXProject section */
		47483E1F24DBFB5500A60789 /* Project object */ = {
			isa = PBXProject;
			attributes = {
				LastSwiftUpdateCheck = 1160;
				LastUpgradeCheck = 1160;
				ORGANIZATIONNAME = seungminbae;
				TargetAttributes = {
					47483E2624DBFB5500A60789 = {
						CreatedOnToolsVersion = 11.6;
					};
				};
			};
			buildConfigurationList = 47483E2224DBFB5500A60789 /* Build configuration list for PBXProject "ios-mvvm-sample" */;
			compatibilityVersion = "Xcode 9.3";
			developmentRegion = en;
			hasScannedForEncodings = 0;
			knownRegions = (
				en,
				Base,
			);
			mainGroup = 47483E1E24DBFB5500A60789;
			productRefGroup = 47483E2824DBFB5500A60789 /* Products */;
			projectDirPath = "";
			projectRoot = "";
			targets = (
				47483E2624DBFB5500A60789 /* ios-mvvm-sample */,
			);
		};
/* End PBXProject section */

/* Begin PBXResourcesBuildPhase section */
		47483E2524DBFB5500A60789 /* Resources */ = {
			isa = PBXResourcesBuildPhase;
			buildActionMask = 2147483647;
			files = (
				47483E3724DBFB5500A60789 /* LaunchScreen.storyboard in Resources */,
				47483E3424DBFB5500A60789 /* Assets.xcassets in Resources */,
				47483E3224DBFB5500A60789 /* Main.storyboard in Resources */,
			);
			runOnlyForDeploymentPostprocessing = 0;
		};
/* End PBXResourcesBuildPhase section */

/* Begin PBXSourcesBuildPhase section */
		47483E2324DBFB5500A60789 /* Sources */ = {
			isa = PBXSourcesBuildPhase;
			buildActionMask = 2147483647;
			files = (
				47212D9224E3EDC20069542F /* EndPoint.swift in Sources */,
				47212D8E24E3DF7E0069542F /* Weather.swift in Sources */,
				47483E2F24DBFB5500A60789 /* ViewController.swift in Sources */,
				47483E2B24DBFB5500A60789 /* AppDelegate.swift in Sources */,
				47212D9024E3EC1E0069542F /* FetchCurrentWeatherUseCase.swift in Sources */,
				47483E2D24DBFB5500A60789 /* SceneDelegate.swift in Sources */,
			);
			runOnlyForDeploymentPostprocessing = 0;
		};
/* End PBXSourcesBuildPhase section */

/* Begin PBXVariantGroup section */
		47483E3024DBFB5500A60789 /* Main.storyboard */ = {
			isa = PBXVariantGroup;
			children = (
				47483E3124DBFB5500A60789 /* Base */,
			);
			name = Main.storyboard;
			sourceTree = "<group>";
		};
		47483E3524DBFB5500A60789 /* LaunchScreen.storyboard */ = {
			isa = PBXVariantGroup;
			children = (
				47483E3624DBFB5500A60789 /* Base */,
			);
			name = LaunchScreen.storyboard;
			sourceTree = "<group>";
		};
/* End PBXVariantGroup section */

/* Begin XCBuildConfiguration section */
		47483E3924DBFB5500A60789 /* Debug */ = {
			isa = XCBuildConfiguration;
			buildSettings = {
				ALWAYS_SEARCH_USER_PATHS = NO;
				CLANG_ANALYZER_NONNULL = YES;
				CLANG_ANALYZER_NUMBER_OBJECT_CONVERSION = YES_AGGRESSIVE;
				CLANG_CXX_LANGUAGE_STANDARD = "gnu++14";
				CLANG_CXX_LIBRARY = "libc++";
				CLANG_ENABLE_MODULES = YES;
				CLANG_ENABLE_OBJC_ARC = YES;
				CLANG_ENABLE_OBJC_WEAK = YES;
				CLANG_WARN_BLOCK_CAPTURE_AUTORELEASING = YES;
				CLANG_WARN_BOOL_CONVERSION = YES;
				CLANG_WARN_COMMA = YES;
				CLANG_WARN_CONSTANT_CONVERSION = YES;
				CLANG_WARN_DEPRECATED_OBJC_IMPLEMENTATIONS = YES;
				CLANG_WARN_DIRECT_OBJC_ISA_USAGE = YES_ERROR;
				CLANG_WARN_DOCUMENTATION_COMMENTS = YES;
				CLANG_WARN_EMPTY_BODY = YES;
				CLANG_WARN_ENUM_CONVERSION = YES;
				CLANG_WARN_INFINITE_RECURSION = YES;
				CLANG_WARN_INT_CONVERSION = YES;
				CLANG_WARN_NON_LITERAL_NULL_CONVERSION = YES;
				CLANG_WARN_OBJC_IMPLICIT_RETAIN_SELF = YES;
				CLANG_WARN_OBJC_LITERAL_CONVERSION = YES;
				CLANG_WARN_OBJC_ROOT_CLASS = YES_ERROR;
				CLANG_WARN_RANGE_LOOP_ANALYSIS = YES;
				CLANG_WARN_STRICT_PROTOTYPES = YES;
				CLANG_WARN_SUSPICIOUS_MOVE = YES;
				CLANG_WARN_UNGUARDED_AVAILABILITY = YES_AGGRESSIVE;
				CLANG_WARN_UNREACHABLE_CODE = YES;
				CLANG_WARN__DUPLICATE_METHOD_MATCH = YES;
				COPY_PHASE_STRIP = NO;
				DEBUG_INFORMATION_FORMAT = dwarf;
				ENABLE_STRICT_OBJC_MSGSEND = YES;
				ENABLE_TESTABILITY = YES;
				GCC_C_LANGUAGE_STANDARD = gnu11;
				GCC_DYNAMIC_NO_PIC = NO;
				GCC_NO_COMMON_BLOCKS = YES;
				GCC_OPTIMIZATION_LEVEL = 0;
				GCC_PREPROCESSOR_DEFINITIONS = (
					"DEBUG=1",
					"$(inherited)",
				);
				GCC_WARN_64_TO_32_BIT_CONVERSION = YES;
				GCC_WARN_ABOUT_RETURN_TYPE = YES_ERROR;
				GCC_WARN_UNDECLARED_SELECTOR = YES;
				GCC_WARN_UNINITIALIZED_AUTOS = YES_AGGRESSIVE;
				GCC_WARN_UNUSED_FUNCTION = YES;
				GCC_WARN_UNUSED_VARIABLE = YES;
				IPHONEOS_DEPLOYMENT_TARGET = 13.6;
				MTL_ENABLE_DEBUG_INFO = INCLUDE_SOURCE;
				MTL_FAST_MATH = YES;
				ONLY_ACTIVE_ARCH = YES;
				SDKROOT = iphoneos;
				SWIFT_ACTIVE_COMPILATION_CONDITIONS = DEBUG;
				SWIFT_OPTIMIZATION_LEVEL = "-Onone";
			};
			name = Debug;
		};
		47483E3A24DBFB5500A60789 /* Release */ = {
			isa = XCBuildConfiguration;
			buildSettings = {
				ALWAYS_SEARCH_USER_PATHS = NO;
				CLANG_ANALYZER_NONNULL = YES;
				CLANG_ANALYZER_NUMBER_OBJECT_CONVERSION = YES_AGGRESSIVE;
				CLANG_CXX_LANGUAGE_STANDARD = "gnu++14";
				CLANG_CXX_LIBRARY = "libc++";
				CLANG_ENABLE_MODULES = YES;
				CLANG_ENABLE_OBJC_ARC = YES;
				CLANG_ENABLE_OBJC_WEAK = YES;
				CLANG_WARN_BLOCK_CAPTURE_AUTORELEASING = YES;
				CLANG_WARN_BOOL_CONVERSION = YES;
				CLANG_WARN_COMMA = YES;
				CLANG_WARN_CONSTANT_CONVERSION = YES;
				CLANG_WARN_DEPRECATED_OBJC_IMPLEMENTATIONS = YES;
				CLANG_WARN_DIRECT_OBJC_ISA_USAGE = YES_ERROR;
				CLANG_WARN_DOCUMENTATION_COMMENTS = YES;
				CLANG_WARN_EMPTY_BODY = YES;
				CLANG_WARN_ENUM_CONVERSION = YES;
				CLANG_WARN_INFINITE_RECURSION = YES;
				CLANG_WARN_INT_CONVERSION = YES;
				CLANG_WARN_NON_LITERAL_NULL_CONVERSION = YES;
				CLANG_WARN_OBJC_IMPLICIT_RETAIN_SELF = YES;
				CLANG_WARN_OBJC_LITERAL_CONVERSION = YES;
				CLANG_WARN_OBJC_ROOT_CLASS = YES_ERROR;
				CLANG_WARN_RANGE_LOOP_ANALYSIS = YES;
				CLANG_WARN_STRICT_PROTOTYPES = YES;
				CLANG_WARN_SUSPICIOUS_MOVE = YES;
				CLANG_WARN_UNGUARDED_AVAILABILITY = YES_AGGRESSIVE;
				CLANG_WARN_UNREACHABLE_CODE = YES;
				CLANG_WARN__DUPLICATE_METHOD_MATCH = YES;
				COPY_PHASE_STRIP = NO;
				DEBUG_INFORMATION_FORMAT = "dwarf-with-dsym";
				ENABLE_NS_ASSERTIONS = NO;
				ENABLE_STRICT_OBJC_MSGSEND = YES;
				GCC_C_LANGUAGE_STANDARD = gnu11;
				GCC_NO_COMMON_BLOCKS = YES;
				GCC_WARN_64_TO_32_BIT_CONVERSION = YES;
				GCC_WARN_ABOUT_RETURN_TYPE = YES_ERROR;
				GCC_WARN_UNDECLARED_SELECTOR = YES;
				GCC_WARN_UNINITIALIZED_AUTOS = YES_AGGRESSIVE;
				GCC_WARN_UNUSED_FUNCTION = YES;
				GCC_WARN_UNUSED_VARIABLE = YES;
				IPHONEOS_DEPLOYMENT_TARGET = 13.6;
				MTL_ENABLE_DEBUG_INFO = NO;
				MTL_FAST_MATH = YES;
				SDKROOT = iphoneos;
				SWIFT_COMPILATION_MODE = wholemodule;
				SWIFT_OPTIMIZATION_LEVEL = "-O";
				VALIDATE_PRODUCT = YES;
			};
			name = Release;
		};
		47483E3C24DBFB5500A60789 /* Debug */ = {
			isa = XCBuildConfiguration;
			buildSettings = {
				ASSETCATALOG_COMPILER_APPICON_NAME = AppIcon;
				CODE_SIGN_STYLE = Automatic;
				DEVELOPMENT_TEAM = 949577ZGT6;
				INFOPLIST_FILE = "ios-mvvm-sample/Info.plist";
				LD_RUNPATH_SEARCH_PATHS = (
					"$(inherited)",
					"@executable_path/Frameworks",
				);
				PRODUCT_BUNDLE_IDENTIFIER = "seungminbae.ios-mvvm-sample";
				PRODUCT_NAME = "$(TARGET_NAME)";
				SWIFT_VERSION = 5.0;
				TARGETED_DEVICE_FAMILY = "1,2";
			};
			name = Debug;
		};
		47483E3D24DBFB5500A60789 /* Release */ = {
			isa = XCBuildConfiguration;
			buildSettings = {
				ASSETCATALOG_COMPILER_APPICON_NAME = AppIcon;
				CODE_SIGN_STYLE = Automatic;
				DEVELOPMENT_TEAM = 949577ZGT6;
				INFOPLIST_FILE = "ios-mvvm-sample/Info.plist";
				LD_RUNPATH_SEARCH_PATHS = (
					"$(inherited)",
					"@executable_path/Frameworks",
				);
				PRODUCT_BUNDLE_IDENTIFIER = "seungminbae.ios-mvvm-sample";
				PRODUCT_NAME = "$(TARGET_NAME)";
				SWIFT_VERSION = 5.0;
				TARGETED_DEVICE_FAMILY = "1,2";
			};
			name = Release;
		};
/* End XCBuildConfiguration section */

/* Begin XCConfigurationList section */
		47483E2224DBFB5500A60789 /* Build configuration list for PBXProject "ios-mvvm-sample" */ = {
			isa = XCConfigurationList;
			buildConfigurations = (
				47483E3924DBFB5500A60789 /* Debug */,
				47483E3A24DBFB5500A60789 /* Release */,
			);
			defaultConfigurationIsVisible = 0;
			defaultConfigurationName = Release;
		};
		47483E3B24DBFB5500A60789 /* Build configuration list for PBXNativeTarget "ios-mvvm-sample" */ = {
			isa = XCConfigurationList;
			buildConfigurations = (
				47483E3C24DBFB5500A60789 /* Debug */,
				47483E3D24DBFB5500A60789 /* Release */,
			);
			defaultConfigurationIsVisible = 0;
			defaultConfigurationName = Release;
		};
/* End XCConfigurationList section */
	};
	rootObject = 47483E1F24DBFB5500A60789 /* Project object */;
}
